
Microsoft Visual Studio Solution File, Format Version 12.00
# Visual Studio Version 17
VisualStudioVersion = 17.2.32616.157
MinimumVisualStudioVersion = 10.0.40219.1
Project("{8BC9CEB8-8B4A-11D0-8D11-00A0C91BC942}") = "learnGit", "learnGit.vcxproj", "{869DF17B-4E4D-42C2-A3A4-3C1FC982DC78}"
EndProject
Global
	GlobalSection(SolutionConfigurationPlatforms) = preSolution
		Debug|ARM = Debug|ARM
		Debug|ARM64 = Debug|ARM64
		Debug|x64 = Debug|x64
		Debug|x86 = Debug|x86
		Release|ARM = Release|ARM
		Release|ARM64 = Release|ARM64
		Release|x64 = Release|x64
		Release|x86 = Release|x86
	EndGlobalSection
	GlobalSection(ProjectConfigurationPlatforms) = postSolution
		{869DF17B-4E4D-42C2-A3A4-3C1FC982DC78}.Debug|ARM.ActiveCfg = Debug|ARM
		{869DF17B-4E4D-42C2-A3A4-3C1FC982DC78}.Debug|ARM.Build.0 = Debug|ARM
		{869DF17B-4E4D-42C2-A3A4-3C1FC982DC78}.Debug|ARM.Deploy.0 = Debug|ARM
		{869DF17B-4E4D-42C2-A3A4-3C1FC982DC78}.Debug|ARM64.ActiveCfg = Debug|ARM64
		{869DF17B-4E4D-42C2-A3A4-3C1FC982DC78}.Debug|ARM64.Build.0 = Debug|ARM64
		{869DF17B-4E4D-42C2-A3A4-3C1FC982DC78}.Debug|ARM64.Deploy.0 = Debug|ARM64
		{869DF17B-4E4D-42C2-A3A4-3C1FC982DC78}.Debug|x64.ActiveCfg = Debug|x64
		{869DF17B-4E4D-42C2-A3A4-3C1FC982DC78}.Debug|x64.Build.0 = Debug|x64
		{869DF17B-4E4D-42C2-A3A4-3C1FC982DC78}.Debug|x64.Deploy.0 = Debug|x64
		{869DF17B-4E4D-42C2-A3A4-3C1FC982DC78}.Debug|x86.ActiveCfg = Debug|x86
		{869DF17B-4E4D-42C2-A3A4-3C1FC982DC78}.Debug|x86.Build.0 = Debug|x86
		{869DF17B-4E4D-42C2-A3A4-3C1FC982DC78}.Debug|x86.Deploy.0 = Debug|x86
		{869DF17B-4E4D-42C2-A3A4-3C1FC982DC78}.Release|ARM.ActiveCfg = Release|ARM
		{869DF17B-4E4D-42C2-A3A4-3C1FC982DC78}.Release|ARM.Build.0 = Release|ARM
		{869DF17B-4E4D-42C2-A3A4-3C1FC982DC78}.Release|ARM.Deploy.0 = Release|ARM
		{869DF17B-4E4D-42C2-A3A4-3C1FC982DC78}.Release|ARM64.ActiveCfg = Release|ARM64
		{869DF17B-4E4D-42C2-A3A4-3C1FC982DC78}.Release|ARM64.Build.0 = Release|ARM64
		{869DF17B-4E4D-42C2-A3A4-3C1FC982DC78}.Release|ARM64.Deploy.0 = Release|ARM64
		{869DF17B-4E4D-42C2-A3A4-3C1FC982DC78}.Release|x64.ActiveCfg = Release|x64
		{869DF17B-4E4D-42C2-A3A4-3C1FC982DC78}.Release|x64.Build.0 = Release|x64
		{869DF17B-4E4D-42C2-A3A4-3C1FC982DC78}.Release|x64.Deploy.0 = Release|x64
		{869DF17B-4E4D-42C2-A3A4-3C1FC982DC78}.Release|x86.ActiveCfg = Release|x86
		{869DF17B-4E4D-42C2-A3A4-3C1FC982DC78}.Release|x86.Build.0 = Release|x86
		{869DF17B-4E4D-42C2-A3A4-3C1FC982DC78}.Release|x86.Deploy.0 = Release|x86
	EndGlobalSection
	GlobalSection(SolutionProperties) = preSolution
		HideSolutionNode = FALSE
	EndGlobalSection
	GlobalSection(ExtensibilityGlobals) = postSolution
		SolutionGuid = {B0241BE4-F4A8-4278-BAB4-709725020130}
	EndGlobalSection
EndGlobal
